# THIS IS AN AUTOGENERATED FILE. DO NOT EDIT THIS FILE DIRECTLY.
# yarn lockfile v1


"@fortawesome/fontawesome-common-types@^0.2.26":
  version "0.2.26"
  resolved "https://registry.yarnpkg.com/@fortawesome/fontawesome-common-types/-/fontawesome-common-types-0.2.26.tgz#6e0b13a752676036f8196f8a1500d53a27b4adc1"
  integrity sha512-CcM/fIFwZlRdiWG/25xE/wHbtyUuCtqoCTrr6BsWw7hH072fR++n4L56KPydAr3ANgMJMjT8v83ZFIsDc7kE+A==

"@fortawesome/fontawesome-svg-core@^1.2.26":
  version "1.2.26"
  resolved "https://registry.yarnpkg.com/@fortawesome/fontawesome-svg-core/-/fontawesome-svg-core-1.2.26.tgz#671569271d6b532cdea5e3deb8ff16f8b7ac251d"
  integrity sha512-3Dfd/v2IztP1TxKOxZiB5+4kaOZK9mNy0KU1vVK7nFlPWz3gzxrCWB+AloQhQUoJ8HhGqbzjliK89Vl7PExGbw==
  dependencies:
    "@fortawesome/fontawesome-common-types" "^0.2.26"

"@fortawesome/free-brands-svg-icons@^5.12.0":
  version "5.12.0"
  resolved "https://registry.yarnpkg.com/@fortawesome/free-brands-svg-icons/-/free-brands-svg-icons-5.12.0.tgz#b0c78627f811ac030ee0ac88df376567cf74119d"
  integrity sha512-50uCFzVUki3wfmFmrMNLFhOt8dP6YZ53zwR4dK9FR7Lwq1IVHXnSBb8MtGLe3urLJ2sA+CSu7Pc7s3i6/zLxmA==
  dependencies:
    "@fortawesome/fontawesome-common-types" "^0.2.26"

"@fortawesome/free-solid-svg-icons@^5.12.0":
  version "5.12.0"
  resolved "https://registry.yarnpkg.com/@fortawesome/free-solid-svg-icons/-/free-solid-svg-icons-5.12.0.tgz#8decac5844e60453cc0c7c51437d1461df053a35"
  integrity sha512-CnpsWs6GhTs9ekNB3d8rcO5HYqRkXbYKf2YNiAlTWbj5eVlPqsd/XH1F9If8jkcR1aegryAbln/qYeKVZzpM0g==
  dependencies:
    "@fortawesome/fontawesome-common-types" "^0.2.26"

"@fortawesome/vue-fontawesome@^0.1.9":
  version "0.1.9"
  resolved "https://registry.yarnpkg.com/@fortawesome/vue-fontawesome/-/vue-fontawesome-0.1.9.tgz#d3af6d4e50f337327de90447fe35fa1e117a2fbe"
  integrity sha512-h/emhmZz+DfB2zOGLWawNwXq82UYhn9waTfUjLLmeaIqtnIyNt6kYlpQT/vzJjLZRDRvY2IEJAh1di5qKpKVpA==

vue@^2.6.11:
  version "2.6.11"
  resolved "https://registry.yarnpkg.com/vue/-/vue-2.6.11.tgz#76594d877d4b12234406e84e35275c6d514125c5"
  integrity sha512-VfPwgcGABbGAue9+sfrD4PuwFar7gPb1yl1UK1MwXoQPAw0BKSqWfoYCT/ThFrdEVWoI51dBuyCoiNU9bZDZxQ==
